
Microsoft Visual Studio Solution File, Format Version 12.00
# Visual Studio Version 16
VisualStudioVersion = 16.0.29609.76
MinimumVisualStudioVersion = 10.0.40219.1
Project("{2150E333-8FDC-42A3-9474-1A3956D46DE8}") = "Src", "Src", "{473D2095-4069-4A56-B4AC-130472FD7311}"
EndProject
Project("{2150E333-8FDC-42A3-9474-1A3956D46DE8}") = "Test", "Test", "{B9A93E8C-40F4-4142-8A64-7A99243C71E0}"
EndProject
Project("{9A19103F-16F7-4668-BE54-9A1E7A4F7556}") = "Application", "Source\Application\Application.csproj", "{7598D3A6-2E97-4559-87CF-6CFC0B2E1E15}"
EndProject
Project("{9A19103F-16F7-4668-BE54-9A1E7A4F7556}") = "ASPCOREBACKEND", "Source\ASPCOREBACKEND\ASPCOREBACKEND.csproj", "{203B4885-9B71-4C24-88DC-2BA3ED3242CA}"
EndProject
Project("{9A19103F-16F7-4668-BE54-9A1E7A4F7556}") = "Entityframework", "Source\Entityframework\Entityframework.csproj", "{E101358B-1F9F-4C83-95C1-3BE744704978}"
EndProject
Project("{9A19103F-16F7-4668-BE54-9A1E7A4F7556}") = "PopulateData", "Test\PopulateData\PopulateData.csproj", "{74DABC41-16CF-434F-B55D-6844E7296403}"
EndProject
Global
	GlobalSection(SolutionConfigurationPlatforms) = preSolution
		Debug|Any CPU = Debug|Any CPU
		Release|Any CPU = Release|Any CPU
	EndGlobalSection
	GlobalSection(ProjectConfigurationPlatforms) = postSolution
		{7598D3A6-2E97-4559-87CF-6CFC0B2E1E15}.Debug|Any CPU.ActiveCfg = Debug|Any CPU
		{7598D3A6-2E97-4559-87CF-6CFC0B2E1E15}.Debug|Any CPU.Build.0 = Debug|Any CPU
		{7598D3A6-2E97-4559-87CF-6CFC0B2E1E15}.Release|Any CPU.ActiveCfg = Release|Any CPU
		{7598D3A6-2E97-4559-87CF-6CFC0B2E1E15}.Release|Any CPU.Build.0 = Release|Any CPU
		{203B4885-9B71-4C24-88DC-2BA3ED3242CA}.Debug|Any CPU.ActiveCfg = Debug|Any CPU
		{203B4885-9B71-4C24-88DC-2BA3ED3242CA}.Debug|Any CPU.Build.0 = Debug|Any CPU
		{203B4885-9B71-4C24-88DC-2BA3ED3242CA}.Release|Any CPU.ActiveCfg = Release|Any CPU
		{203B4885-9B71-4C24-88DC-2BA3ED3242CA}.Release|Any CPU.Build.0 = Release|Any CPU
		{E101358B-1F9F-4C83-95C1-3BE744704978}.Debug|Any CPU.ActiveCfg = Debug|Any CPU
		{E101358B-1F9F-4C83-95C1-3BE744704978}.Debug|Any CPU.Build.0 = Debug|Any CPU
		{E101358B-1F9F-4C83-95C1-3BE744704978}.Release|Any CPU.ActiveCfg = Release|Any CPU
		{E101358B-1F9F-4C83-95C1-3BE744704978}.Release|Any CPU.Build.0 = Release|Any CPU
		{74DABC41-16CF-434F-B55D-6844E7296403}.Debug|Any CPU.ActiveCfg = Debug|Any CPU
		{74DABC41-16CF-434F-B55D-6844E7296403}.Debug|Any CPU.Build.0 = Debug|Any CPU
		{74DABC41-16CF-434F-B55D-6844E7296403}.Release|Any CPU.ActiveCfg = Release|Any CPU
		{74DABC41-16CF-434F-B55D-6844E7296403}.Release|Any CPU.Build.0 = Release|Any CPU
	EndGlobalSection
	GlobalSection(SolutionProperties) = preSolution
		HideSolutionNode = FALSE
	EndGlobalSection
	GlobalSection(NestedProjects) = preSolution
		{7598D3A6-2E97-4559-87CF-6CFC0B2E1E15} = {473D2095-4069-4A56-B4AC-130472FD7311}
		{203B4885-9B71-4C24-88DC-2BA3ED3242CA} = {473D2095-4069-4A56-B4AC-130472FD7311}
		{E101358B-1F9F-4C83-95C1-3BE744704978} = {473D2095-4069-4A56-B4AC-130472FD7311}
		{74DABC41-16CF-434F-B55D-6844E7296403} = {B9A93E8C-40F4-4142-8A64-7A99243C71E0}
	EndGlobalSection
	GlobalSection(ExtensibilityGlobals) = postSolution
		SolutionGuid = {96F428DA-EA6A-4C52-A875-F02055A1FBC6}
	EndGlobalSection
EndGlobal
